
Microsoft Visual Studio Solution File, Format Version 12.00
# Visual Studio Version 17
VisualStudioVersion = 17.9.34728.123
MinimumVisualStudioVersion = 10.0.40219.1
Project("{9A19103F-16F7-4668-BE54-9A1E7A4F7556}") = "Snailer.GodotCSharp.SceneManager", "src\Snailer.GodotCSharp.SceneManager.csproj", "{7B87E741-2E12-43AA-B53D-A4F4B209DA39}"
EndProject
Global
	GlobalSection(SolutionConfigurationPlatforms) = preSolution
		Debug|Any CPU = Debug|Any CPU
		Release|Any CPU = Release|Any CPU
	EndGlobalSection
	GlobalSection(ProjectConfigurationPlatforms) = postSolution
		{7B87E741-2E12-43AA-B53D-A4F4B209DA39}.Debug|Any CPU.ActiveCfg = Debug|Any CPU
		{7B87E741-2E12-43AA-B53D-A4F4B209DA39}.Debug|Any CPU.Build.0 = Debug|Any CPU
		{7B87E741-2E12-43AA-B53D-A4F4B209DA39}.Release|Any CPU.ActiveCfg = Release|Any CPU
		{7B87E741-2E12-43AA-B53D-A4F4B209DA39}.Release|Any CPU.Build.0 = Release|Any CPU
	EndGlobalSection
	GlobalSection(SolutionProperties) = preSolution
		HideSolutionNode = FALSE
	EndGlobalSection
	GlobalSection(ExtensibilityGlobals) = postSolution
		SolutionGuid = {03A8DE13-3523-4D8F-A1E5-DDAB4CCBE451}
	EndGlobalSection
EndGlobal
